
Microsoft Visual Studio Solution File, Format Version 12.00
# Visual Studio Version 16
VisualStudioVersion = 16.0.31829.152
MinimumVisualStudioVersion = 10.0.40219.1
Project("{FAE04EC0-301F-11D3-BF4B-00C04F79EFBC}") = "одномерный массив", "5 массивы\одномерный массив.csproj", "{F410BF49-CDA7-4387-B1FE-B23FA1031CE3}"
EndProject
Project("{FAE04EC0-301F-11D3-BF4B-00C04F79EFBC}") = "двумерный массив", "двумерный массив\двумерный массив.csproj", "{7A67C890-84DD-4C35-87C6-E18B83CE1D8A}"
EndProject
Global
	GlobalSection(SolutionConfigurationPlatforms) = preSolution
		Debug|Any CPU = Debug|Any CPU
		Release|Any CPU = Release|Any CPU
	EndGlobalSection
	GlobalSection(ProjectConfigurationPlatforms) = postSolution
		{F410BF49-CDA7-4387-B1FE-B23FA1031CE3}.Debug|Any CPU.ActiveCfg = Debug|Any CPU
		{F410BF49-CDA7-4387-B1FE-B23FA1031CE3}.Debug|Any CPU.Build.0 = Debug|Any CPU
		{F410BF49-CDA7-4387-B1FE-B23FA1031CE3}.Release|Any CPU.ActiveCfg = Release|Any CPU
		{F410BF49-CDA7-4387-B1FE-B23FA1031CE3}.Release|Any CPU.Build.0 = Release|Any CPU
		{7A67C890-84DD-4C35-87C6-E18B83CE1D8A}.Debug|Any CPU.ActiveCfg = Debug|Any CPU
		{7A67C890-84DD-4C35-87C6-E18B83CE1D8A}.Debug|Any CPU.Build.0 = Debug|Any CPU
		{7A67C890-84DD-4C35-87C6-E18B83CE1D8A}.Release|Any CPU.ActiveCfg = Release|Any CPU
		{7A67C890-84DD-4C35-87C6-E18B83CE1D8A}.Release|Any CPU.Build.0 = Release|Any CPU
	EndGlobalSection
	GlobalSection(SolutionProperties) = preSolution
		HideSolutionNode = FALSE
	EndGlobalSection
	GlobalSection(ExtensibilityGlobals) = postSolution
		SolutionGuid = {1EB922B2-2C72-45A0-9A3D-59DA5EBB6CEB}
	EndGlobalSection
EndGlobal
